
Microsoft Visual Studio Solution File, Format Version 12.00
# Visual Studio Version 17
VisualStudioVersion = 17.13.35825.156
MinimumVisualStudioVersion = 10.0.40219.1
Project("{FAE04EC0-301F-11D3-BF4B-00C04F79EFBC}") = "WalleClass", "WalleClass\WalleClass.csproj", "{046798AA-FE1A-83BA-4507-BE3051635F96}"
EndProject
Project("{FAE04EC0-301F-11D3-BF4B-00C04F79EFBC}") = "WalleAnalyzer", "WalleAnalyzer\WalleAnalyzer.csproj", "{C7DE975A-5A77-FAF9-B92E-A330E5763AD0}"
EndProject
Global
	GlobalSection(SolutionConfigurationPlatforms) = preSolution
		Debug|Any CPU = Debug|Any CPU
		Release|Any CPU = Release|Any CPU
	EndGlobalSection
	GlobalSection(ProjectConfigurationPlatforms) = postSolution
		{046798AA-FE1A-83BA-4507-BE3051635F96}.Debug|Any CPU.ActiveCfg = Debug|Any CPU
		{046798AA-FE1A-83BA-4507-BE3051635F96}.Debug|Any CPU.Build.0 = Debug|Any CPU
		{046798AA-FE1A-83BA-4507-BE3051635F96}.Release|Any CPU.ActiveCfg = Release|Any CPU
		{046798AA-FE1A-83BA-4507-BE3051635F96}.Release|Any CPU.Build.0 = Release|Any CPU
		{C7DE975A-5A77-FAF9-B92E-A330E5763AD0}.Debug|Any CPU.ActiveCfg = Debug|Any CPU
		{C7DE975A-5A77-FAF9-B92E-A330E5763AD0}.Debug|Any CPU.Build.0 = Debug|Any CPU
		{C7DE975A-5A77-FAF9-B92E-A330E5763AD0}.Release|Any CPU.ActiveCfg = Release|Any CPU
		{C7DE975A-5A77-FAF9-B92E-A330E5763AD0}.Release|Any CPU.Build.0 = Release|Any CPU
	EndGlobalSection
	GlobalSection(SolutionProperties) = preSolution
		HideSolutionNode = FALSE
	EndGlobalSection
	GlobalSection(ExtensibilityGlobals) = postSolution
		SolutionGuid = {4B5A5214-6CC9-4343-BF7A-95605A5CD915}
	EndGlobalSection
EndGlobal
